PODS:
  - Alamofire (4.5.0)
  - SwiftyJSON (3.1.4)

DEPENDENCIES:
  - Alamofire (~> 4.5.0)
  - SwiftyJSON (~> 3.1.4)

SPEC CHECKSUMS:
  Alamofire: f28cdffd29de33a7bfa022cbd63ae95a27fae140
  SwiftyJSON: c2842d878f95482ffceec5709abc3d05680c0220

PODFILE CHECKSUM: 99b0f470756150fe52fe76e27cde88b6dd0dd95d

COCOAPODS: 1.2.1
